
Microsoft Visual Studio Solution File, Format Version 12.00
# Visual Studio 14
VisualStudioVersion = 14.0.25420.1
MinimumVisualStudioVersion = 10.0.40219.1
Project("{FAE04EC0-301F-11D3-BF4B-00C04F79EFBC}") = "Advisr.Web", "Advisr.Web\Advisr.Web.csproj", "{10A31575-4B0E-4964-A2E8-F1A6CEB27188}"
EndProject
Project("{FAE04EC0-301F-11D3-BF4B-00C04F79EFBC}") = "Advisr.Web.Tests", "Advisr.Web.Tests\Advisr.Web.Tests.csproj", "{3D35FD13-033D-4FC7-B0F8-93DCC61A7106}"
EndProject
Project("{FAE04EC0-301F-11D3-BF4B-00C04F79EFBC}") = "Advisr.Domain", "Advisr.Domain\Advisr.Domain.csproj", "{07140F59-622A-4141-8FB3-116C686A68E0}"
EndProject
Project("{FAE04EC0-301F-11D3-BF4B-00C04F79EFBC}") = "Advisr.DataLayer", "Advisr.DataLayer\Advisr.DataLayer.csproj", "{15D2F934-3F07-48D3-9A6F-12C95A20C5DF}"
EndProject
Project("{FAE04EC0-301F-11D3-BF4B-00C04F79EFBC}") = "Advisr.Core", "Advisr.Core\Advisr.Core.csproj", "{0E19091F-659D-4103-AB8C-FF7BBF347826}"
EndProject
Global
	GlobalSection(SolutionConfigurationPlatforms) = preSolution
		Debug|Any CPU = Debug|Any CPU
		Release|Any CPU = Release|Any CPU
	EndGlobalSection
	GlobalSection(ProjectConfigurationPlatforms) = postSolution
		{10A31575-4B0E-4964-A2E8-F1A6CEB27188}.Debug|Any CPU.ActiveCfg = Debug|Any CPU
		{10A31575-4B0E-4964-A2E8-F1A6CEB27188}.Debug|Any CPU.Build.0 = Debug|Any CPU
		{10A31575-4B0E-4964-A2E8-F1A6CEB27188}.Release|Any CPU.ActiveCfg = Release|Any CPU
		{10A31575-4B0E-4964-A2E8-F1A6CEB27188}.Release|Any CPU.Build.0 = Release|Any CPU
		{3D35FD13-033D-4FC7-B0F8-93DCC61A7106}.Debug|Any CPU.ActiveCfg = Debug|Any CPU
		{3D35FD13-033D-4FC7-B0F8-93DCC61A7106}.Debug|Any CPU.Build.0 = Debug|Any CPU
		{3D35FD13-033D-4FC7-B0F8-93DCC61A7106}.Release|Any CPU.ActiveCfg = Release|Any CPU
		{3D35FD13-033D-4FC7-B0F8-93DCC61A7106}.Release|Any CPU.Build.0 = Release|Any CPU
		{07140F59-622A-4141-8FB3-116C686A68E0}.Debug|Any CPU.ActiveCfg = Debug|Any CPU
		{07140F59-622A-4141-8FB3-116C686A68E0}.Debug|Any CPU.Build.0 = Debug|Any CPU
		{07140F59-622A-4141-8FB3-116C686A68E0}.Release|Any CPU.ActiveCfg = Release|Any CPU
		{07140F59-622A-4141-8FB3-116C686A68E0}.Release|Any CPU.Build.0 = Release|Any CPU
		{15D2F934-3F07-48D3-9A6F-12C95A20C5DF}.Debug|Any CPU.ActiveCfg = Debug|Any CPU
		{15D2F934-3F07-48D3-9A6F-12C95A20C5DF}.Debug|Any CPU.Build.0 = Debug|Any CPU
		{15D2F934-3F07-48D3-9A6F-12C95A20C5DF}.Release|Any CPU.ActiveCfg = Release|Any CPU
		{15D2F934-3F07-48D3-9A6F-12C95A20C5DF}.Release|Any CPU.Build.0 = Release|Any CPU
		{0E19091F-659D-4103-AB8C-FF7BBF347826}.Debug|Any CPU.ActiveCfg = Debug|Any CPU
		{0E19091F-659D-4103-AB8C-FF7BBF347826}.Debug|Any CPU.Build.0 = Debug|Any CPU
		{0E19091F-659D-4103-AB8C-FF7BBF347826}.Release|Any CPU.ActiveCfg = Release|Any CPU
		{0E19091F-659D-4103-AB8C-FF7BBF347826}.Release|Any CPU.Build.0 = Release|Any CPU
	EndGlobalSection
	GlobalSection(SolutionProperties) = preSolution
		HideSolutionNode = FALSE
	EndGlobalSection
EndGlobal
